{
  "version": 4,
  "terraform_version": "1.14.3",
  "serial": 14,
  "lineage": "cbe8f33f-5c9f-dced-6393-bc5a156e2c5b",
  "outputs": {
    "raw_bucket_name": {
      "value": "nfrowner1-raw",
      "type": "string"
    }
  },
  "resources": [
    {
      "mode": "managed",
      "type": "google_storage_bucket",
      "name": "raw_bucket",
      "provider": "provider[\"registry.terraform.io/hashicorp/google\"]",
      "instances": [
        {
          "schema_version": 2,
          "attributes": {
            "autoclass": [],
            "cors": [],
            "custom_placement_config": [],
            "default_event_based_hold": false,
            "effective_labels": {},
            "enable_object_retention": false,
            "encryption": [],
            "force_destroy": true,
            "id": "nfrowner1-raw",
            "labels": {},
            "lifecycle_rule": [
              {
                "action": [
                  {
                    "storage_class": "",
                    "type": "Delete"
                  }
                ],
                "condition": [
                  {
                    "age": 30,
                    "created_before": "",
                    "custom_time_before": "",
                    "days_since_custom_time": 0,
                    "days_since_noncurrent_time": 0,
                    "matches_prefix": [],
                    "matches_storage_class": [],
                    "matches_suffix": [],
                    "no_age": false,
                    "noncurrent_time_before": "",
                    "num_newer_versions": 0,
                    "send_age_if_zero": true,
                    "send_days_since_custom_time_if_zero": false,
                    "send_days_since_noncurrent_time_if_zero": false,
                    "send_num_newer_versions_if_zero": false,
                    "with_state": "ANY"
                  }
                ]
              }
            ],
            "location": "EUROPE-WEST1",
            "logging": [],
            "name": "nfrowner1-raw",
            "project": "nfrowner1",
            "project_number": 835379241174,
            "public_access_prevention": "inherited",
            "requester_pays": false,
            "retention_policy": [],
            "rpo": null,
            "self_link": "https://www.googleapis.com/storage/v1/b/nfrowner1-raw",
            "soft_delete_policy": [
              {
                "effective_time": "2025-12-21T14:37:04.990Z",
                "retention_duration_seconds": 604800
              }
            ],
            "storage_class": "STANDARD",
            "terraform_labels": {},
            "timeouts": null,
            "uniform_bucket_level_access": true,
            "url": "gs://nfrowner1-raw",
            "versioning": [],
            "website": []
          },
          "sensitive_attributes": [],
          "identity_schema_version": 0,
          "private": "eyJlMmJmYjczMC1lY2FhLTExZTYtOGY4OC0zNDM2M2JjN2M0YzAiOnsiY3JlYXRlIjo2MDAwMDAwMDAwMDAsInJlYWQiOjI0MDAwMDAwMDAwMCwidXBkYXRlIjoyNDAwMDAwMDAwMDB9LCJzY2hlbWFfdmVyc2lvbiI6IjIifQ=="
        }
      ]
    },
    {
      "module": "module.bigquery",
      "mode": "managed",
      "type": "google_bigquery_dataset",
      "name": "marts",
      "provider": "provider[\"registry.terraform.io/hashicorp/google\"]",
      "instances": [
        {
          "schema_version": 0,
          "attributes": {
            "access": [
              {
                "dataset": [],
                "domain": "",
                "group_by_email": "",
                "iam_member": "",
                "role": "OWNER",
                "routine": [],
                "special_group": "",
                "user_by_email": "vpryshchepade@gmail.com",
                "view": []
              },
              {
                "dataset": [],
                "domain": "",
                "group_by_email": "",
                "iam_member": "",
                "role": "OWNER",
                "routine": [],
                "special_group": "projectOwners",
                "user_by_email": "",
                "view": []
              },
              {
                "dataset": [],
                "domain": "",
                "group_by_email": "",
                "iam_member": "",
                "role": "READER",
                "routine": [],
                "special_group": "projectReaders",
                "user_by_email": "",
                "view": []
              },
              {
                "dataset": [],
                "domain": "",
                "group_by_email": "",
                "iam_member": "",
                "role": "WRITER",
                "routine": [],
                "special_group": "projectWriters",
                "user_by_email": "",
                "view": []
              }
            ],
            "creation_time": 1767520464920,
            "dataset_id": "ny_taxi_marts",
            "default_collation": "",
            "default_encryption_configuration": [],
            "default_partition_expiration_ms": 0,
            "default_table_expiration_ms": 0,
            "delete_contents_on_destroy": true,
            "description": "",
            "effective_labels": {},
            "etag": "Cq0dxnIiqdk9+Or7RFoQ/w==",
            "external_dataset_reference": [],
            "friendly_name": "",
            "id": "projects/nfrowner1/datasets/ny_taxi_marts",
            "is_case_insensitive": false,
            "labels": null,
            "last_modified_time": 1767520464920,
            "location": "europe-west1",
            "max_time_travel_hours": "168",
            "project": "nfrowner1",
            "resource_tags": null,
            "self_link": "https://bigquery.googleapis.com/bigquery/v2/projects/nfrowner1/datasets/ny_taxi_marts",
            "storage_billing_model": "",
            "terraform_labels": {},
            "timeouts": null
          },
          "sensitive_attributes": [],
          "identity_schema_version": 0,
          "private": "eyJlMmJmYjczMC1lY2FhLTExZTYtOGY4OC0zNDM2M2JjN2M0YzAiOnsiY3JlYXRlIjoxMjAwMDAwMDAwMDAwLCJkZWxldGUiOjEyMDAwMDAwMDAwMDAsInVwZGF0ZSI6MTIwMDAwMDAwMDAwMH19"
        }
      ]
    },
    {
      "module": "module.bigquery",
      "mode": "managed",
      "type": "google_bigquery_dataset",
      "name": "raw",
      "provider": "provider[\"registry.terraform.io/hashicorp/google\"]",
      "instances": [
        {
          "schema_version": 0,
          "attributes": {
            "access": [
              {
                "dataset": [],
                "domain": "",
                "group_by_email": "",
                "iam_member": "",
                "role": "OWNER",
                "routine": [],
                "special_group": "",
                "user_by_email": "vpryshchepade@gmail.com",
                "view": []
              },
              {
                "dataset": [],
                "domain": "",
                "group_by_email": "",
                "iam_member": "",
                "role": "OWNER",
                "routine": [],
                "special_group": "projectOwners",
                "user_by_email": "",
                "view": []
              },
              {
                "dataset": [],
                "domain": "",
                "group_by_email": "",
                "iam_member": "",
                "role": "READER",
                "routine": [],
                "special_group": "projectReaders",
                "user_by_email": "",
                "view": []
              },
              {
                "dataset": [],
                "domain": "",
                "group_by_email": "",
                "iam_member": "",
                "role": "WRITER",
                "routine": [],
                "special_group": "",
                "user_by_email": "nfrownersa1@nfrowner1.iam.gserviceaccount.com",
                "view": []
              },
              {
                "dataset": [],
                "domain": "",
                "group_by_email": "",
                "iam_member": "",
                "role": "WRITER",
                "routine": [],
                "special_group": "projectWriters",
                "user_by_email": "",
                "view": []
              }
            ],
            "creation_time": 1766784697619,
            "dataset_id": "ny_taxi_raw",
            "default_collation": "",
            "default_encryption_configuration": [],
            "default_partition_expiration_ms": 0,
            "default_table_expiration_ms": 0,
            "delete_contents_on_destroy": true,
            "description": "",
            "effective_labels": {},
            "etag": "TVUJX43ZdualxXDdpNL94g==",
            "external_dataset_reference": [],
            "friendly_name": "",
            "id": "projects/nfrowner1/datasets/ny_taxi_raw",
            "is_case_insensitive": false,
            "labels": {},
            "last_modified_time": 1766870149718,
            "location": "europe-west1",
            "max_time_travel_hours": "168",
            "project": "nfrowner1",
            "resource_tags": {},
            "self_link": "https://bigquery.googleapis.com/bigquery/v2/projects/nfrowner1/datasets/ny_taxi_raw",
            "storage_billing_model": "",
            "terraform_labels": {},
            "timeouts": null
          },
          "sensitive_attributes": [],
          "identity_schema_version": 0,
          "private": "eyJlMmJmYjczMC1lY2FhLTExZTYtOGY4OC0zNDM2M2JjN2M0YzAiOnsiY3JlYXRlIjoxMjAwMDAwMDAwMDAwLCJkZWxldGUiOjEyMDAwMDAwMDAwMDAsInVwZGF0ZSI6MTIwMDAwMDAwMDAwMH19"
        }
      ]
    },
    {
      "module": "module.bigquery",
      "mode": "managed",
      "type": "google_bigquery_dataset",
      "name": "staging",
      "provider": "provider[\"registry.terraform.io/hashicorp/google\"]",
      "instances": [
        {
          "schema_version": 0,
          "attributes": {
            "access": [
              {
                "dataset": [],
                "domain": "",
                "group_by_email": "",
                "iam_member": "",
                "role": "OWNER",
                "routine": [],
                "special_group": "",
                "user_by_email": "vpryshchepade@gmail.com",
                "view": []
              },
              {
                "dataset": [],
                "domain": "",
                "group_by_email": "",
                "iam_member": "",
                "role": "OWNER",
                "routine": [],
                "special_group": "projectOwners",
                "user_by_email": "",
                "view": []
              },
              {
                "dataset": [],
                "domain": "",
                "group_by_email": "",
                "iam_member": "",
                "role": "READER",
                "routine": [],
                "special_group": "projectReaders",
                "user_by_email": "",
                "view": []
              },
              {
                "dataset": [],
                "domain": "",
                "group_by_email": "",
                "iam_member": "",
                "role": "WRITER",
                "routine": [],
                "special_group": "",
                "user_by_email": "nfrownersa1@nfrowner1.iam.gserviceaccount.com",
                "view": []
              },
              {
                "dataset": [],
                "domain": "",
                "group_by_email": "",
                "iam_member": "",
                "role": "WRITER",
                "routine": [],
                "special_group": "projectWriters",
                "user_by_email": "",
                "view": []
              },
              {
                "dataset": [],
                "domain": "",
                "group_by_email": "",
                "iam_member": "",
                "role": "roles/bigquery.user",
                "routine": [],
                "special_group": "",
                "user_by_email": "nfrownersa1@nfrowner1.iam.gserviceaccount.com",
                "view": []
              }
            ],
            "creation_time": 1767300445245,
            "dataset_id": "ny_taxi_staging",
            "default_collation": "",
            "default_encryption_configuration": [],
            "default_partition_expiration_ms": 0,
            "default_table_expiration_ms": 0,
            "delete_contents_on_destroy": true,
            "description": "",
            "effective_labels": {},
            "etag": "+WRrEaoE+gi1SABIg29wKw==",
            "external_dataset_reference": [],
            "friendly_name": "",
            "id": "projects/nfrowner1/datasets/ny_taxi_staging",
            "is_case_insensitive": false,
            "labels": {},
            "last_modified_time": 1767300548922,
            "location": "europe-west1",
            "max_time_travel_hours": "168",
            "project": "nfrowner1",
            "resource_tags": {},
            "self_link": "https://bigquery.googleapis.com/bigquery/v2/projects/nfrowner1/datasets/ny_taxi_staging",
            "storage_billing_model": "",
            "terraform_labels": {},
            "timeouts": null
          },
          "sensitive_attributes": [],
          "identity_schema_version": 0,
          "private": "eyJlMmJmYjczMC1lY2FhLTExZTYtOGY4OC0zNDM2M2JjN2M0YzAiOnsiY3JlYXRlIjoxMjAwMDAwMDAwMDAwLCJkZWxldGUiOjEyMDAwMDAwMDAwMDAsInVwZGF0ZSI6MTIwMDAwMDAwMDAwMH19"
        }
      ]
    },
    {
      "module": "module.bigquery",
      "mode": "managed",
      "type": "google_bigquery_table",
      "name": "taxi_trips",
      "provider": "provider[\"registry.terraform.io/hashicorp/google\"]",
      "instances": [
        {
          "index_key": "fhv",
          "schema_version": 0,
          "attributes": {
            "allow_resource_tags_on_deletion": false,
            "clustering": null,
            "creation_time": 1766784698743,
            "dataset_id": "ny_taxi_raw",
            "deletion_protection": false,
            "description": "",
            "effective_labels": {},
            "encryption_configuration": [],
            "etag": "hyIG3pY0H4R2FQcL+JHU8g==",
            "expiration_time": 0,
            "external_data_configuration": [],
            "friendly_name": "",
            "id": "projects/nfrowner1/datasets/ny_taxi_raw/tables/fhv_trips",
            "labels": {},
            "last_modified_time": 1766952168054,
            "location": "europe-west1",
            "materialized_view": [],
            "max_staleness": "",
            "num_bytes": 76005261,
            "num_long_term_bytes": 0,
            "num_rows": 1898108,
            "project": "nfrowner1",
            "range_partitioning": [],
            "require_partition_filter": false,
            "resource_tags": {},
            "schema": "[{\"mode\":\"NULLABLE\",\"name\":\"dispatching_base_num\",\"type\":\"STRING\"},{\"mode\":\"NULLABLE\",\"name\":\"pickup_datetime\",\"type\":\"TIMESTAMP\"},{\"mode\":\"NULLABLE\",\"name\":\"dropOff_datetime\",\"type\":\"TIMESTAMP\"},{\"mode\":\"NULLABLE\",\"name\":\"PUlocationID\",\"type\":\"INTEGER\"},{\"mode\":\"NULLABLE\",\"name\":\"DOlocationID\",\"type\":\"INTEGER\"},{\"mode\":\"NULLABLE\",\"name\":\"SR_Flag\",\"type\":\"INTEGER\"},{\"mode\":\"NULLABLE\",\"name\":\"Affiliated_base_number\",\"type\":\"STRING\"}]",
            "self_link": "https://bigquery.googleapis.com/bigquery/v2/projects/nfrowner1/datasets/ny_taxi_raw/tables/fhv_trips",
            "table_constraints": [],
            "table_id": "fhv_trips",
            "table_replication_info": [],
            "terraform_labels": {},
            "time_partitioning": [
              {
                "expiration_ms": 0,
                "field": "pickup_datetime",
                "require_partition_filter": false,
                "type": "MONTH"
              }
            ],
            "type": "TABLE",
            "view": []
          },
          "sensitive_attributes": [],
          "identity_schema_version": 0,
          "private": "bnVsbA==",
          "dependencies": [
            "module.bigquery.google_bigquery_dataset.raw"
          ]
        },
        {
          "index_key": "green",
          "schema_version": 0,
          "attributes": {
            "allow_resource_tags_on_deletion": false,
            "clustering": null,
            "creation_time": 1766784698734,
            "dataset_id": "ny_taxi_raw",
            "deletion_protection": false,
            "description": "",
            "effective_labels": {},
            "encryption_configuration": [],
            "etag": "ZB3SpKpHjY7cpxQVRxlvwA==",
            "expiration_time": 0,
            "external_data_configuration": [],
            "friendly_name": "",
            "id": "projects/nfrowner1/datasets/ny_taxi_raw/tables/green_trips",
            "labels": {},
            "last_modified_time": 1766917713924,
            "location": "europe-west1",
            "materialized_view": [],
            "max_staleness": "",
            "num_bytes": 7396838,
            "num_long_term_bytes": 0,
            "num_rows": 48326,
            "project": "nfrowner1",
            "range_partitioning": [],
            "require_partition_filter": false,
            "resource_tags": {},
            "schema": "[{\"mode\":\"NULLABLE\",\"name\":\"VendorID\",\"type\":\"INTEGER\"},{\"mode\":\"NULLABLE\",\"name\":\"lpep_pickup_datetime\",\"type\":\"TIMESTAMP\"},{\"mode\":\"NULLABLE\",\"name\":\"lpep_dropoff_datetime\",\"type\":\"TIMESTAMP\"},{\"mode\":\"NULLABLE\",\"name\":\"store_and_fwd_flag\",\"type\":\"STRING\"},{\"mode\":\"NULLABLE\",\"name\":\"RatecodeID\",\"type\":\"INTEGER\"},{\"mode\":\"NULLABLE\",\"name\":\"PULocationID\",\"type\":\"INTEGER\"},{\"mode\":\"NULLABLE\",\"name\":\"DOLocationID\",\"type\":\"INTEGER\"},{\"mode\":\"NULLABLE\",\"name\":\"passenger_count\",\"type\":\"INTEGER\"},{\"mode\":\"NULLABLE\",\"name\":\"trip_distance\",\"type\":\"FLOAT\"},{\"mode\":\"NULLABLE\",\"name\":\"fare_amount\",\"type\":\"FLOAT\"},{\"mode\":\"NULLABLE\",\"name\":\"extra\",\"type\":\"FLOAT\"},{\"mode\":\"NULLABLE\",\"name\":\"mta_tax\",\"type\":\"FLOAT\"},{\"mode\":\"NULLABLE\",\"name\":\"tip_amount\",\"type\":\"FLOAT\"},{\"mode\":\"NULLABLE\",\"name\":\"tolls_amount\",\"type\":\"FLOAT\"},{\"mode\":\"NULLABLE\",\"name\":\"ehail_fee\",\"type\":\"FLOAT\"},{\"mode\":\"NULLABLE\",\"name\":\"improvement_surcharge\",\"type\":\"FLOAT\"},{\"mode\":\"NULLABLE\",\"name\":\"total_amount\",\"type\":\"FLOAT\"},{\"mode\":\"NULLABLE\",\"name\":\"payment_type\",\"type\":\"INTEGER\"},{\"mode\":\"NULLABLE\",\"name\":\"trip_type\",\"type\":\"INTEGER\"},{\"mode\":\"NULLABLE\",\"name\":\"congestion_surcharge\",\"type\":\"FLOAT\"},{\"mode\":\"NULLABLE\",\"name\":\"cbd_congestion_fee\",\"type\":\"FLOAT\"}]",
            "self_link": "https://bigquery.googleapis.com/bigquery/v2/projects/nfrowner1/datasets/ny_taxi_raw/tables/green_trips",
            "table_constraints": [],
            "table_id": "green_trips",
            "table_replication_info": [],
            "terraform_labels": {},
            "time_partitioning": [
              {
                "expiration_ms": 0,
                "field": "lpep_pickup_datetime",
                "require_partition_filter": false,
                "type": "MONTH"
              }
            ],
            "type": "TABLE",
            "view": []
          },
          "sensitive_attributes": [],
          "identity_schema_version": 0,
          "private": "bnVsbA==",
          "dependencies": [
            "module.bigquery.google_bigquery_dataset.raw"
          ]
        },
        {
          "index_key": "yellow",
          "schema_version": 0,
          "attributes": {
            "allow_resource_tags_on_deletion": false,
            "clustering": null,
            "creation_time": 1766784698743,
            "dataset_id": "ny_taxi_raw",
            "deletion_protection": false,
            "description": "",
            "effective_labels": {},
            "encryption_configuration": [],
            "etag": "Dyj7NYzhSfWoa1NdzjVgdA==",
            "expiration_time": 0,
            "external_data_configuration": [],
            "friendly_name": "",
            "id": "projects/nfrowner1/datasets/ny_taxi_raw/tables/yellow_trips",
            "labels": {},
            "last_modified_time": 1766955484831,
            "location": "europe-west1",
            "materialized_view": [],
            "max_staleness": "",
            "num_bytes": 519754815,
            "num_long_term_bytes": 0,
            "num_rows": 3475226,
            "project": "nfrowner1",
            "range_partitioning": [],
            "require_partition_filter": false,
            "resource_tags": {},
            "schema": "[{\"mode\":\"NULLABLE\",\"name\":\"VendorID\",\"type\":\"INTEGER\"},{\"mode\":\"NULLABLE\",\"name\":\"tpep_pickup_datetime\",\"type\":\"TIMESTAMP\"},{\"mode\":\"NULLABLE\",\"name\":\"tpep_dropoff_datetime\",\"type\":\"TIMESTAMP\"},{\"mode\":\"NULLABLE\",\"name\":\"passenger_count\",\"type\":\"INTEGER\"},{\"mode\":\"NULLABLE\",\"name\":\"trip_distance\",\"type\":\"FLOAT\"},{\"mode\":\"NULLABLE\",\"name\":\"RatecodeID\",\"type\":\"INTEGER\"},{\"mode\":\"NULLABLE\",\"name\":\"store_and_fwd_flag\",\"type\":\"STRING\"},{\"mode\":\"NULLABLE\",\"name\":\"PULocationID\",\"type\":\"INTEGER\"},{\"mode\":\"NULLABLE\",\"name\":\"DOLocationID\",\"type\":\"INTEGER\"},{\"mode\":\"NULLABLE\",\"name\":\"payment_type\",\"type\":\"INTEGER\"},{\"mode\":\"NULLABLE\",\"name\":\"fare_amount\",\"type\":\"FLOAT\"},{\"mode\":\"NULLABLE\",\"name\":\"extra\",\"type\":\"FLOAT\"},{\"mode\":\"NULLABLE\",\"name\":\"mta_tax\",\"type\":\"FLOAT\"},{\"mode\":\"NULLABLE\",\"name\":\"tip_amount\",\"type\":\"FLOAT\"},{\"mode\":\"NULLABLE\",\"name\":\"tolls_amount\",\"type\":\"FLOAT\"},{\"mode\":\"NULLABLE\",\"name\":\"improvement_surcharge\",\"type\":\"FLOAT\"},{\"mode\":\"NULLABLE\",\"name\":\"total_amount\",\"type\":\"FLOAT\"},{\"mode\":\"NULLABLE\",\"name\":\"congestion_surcharge\",\"type\":\"FLOAT\"},{\"mode\":\"NULLABLE\",\"name\":\"Airport_fee\",\"type\":\"FLOAT\"},{\"mode\":\"NULLABLE\",\"name\":\"cbd_congestion_fee\",\"type\":\"FLOAT\"}]",
            "self_link": "https://bigquery.googleapis.com/bigquery/v2/projects/nfrowner1/datasets/ny_taxi_raw/tables/yellow_trips",
            "table_constraints": [],
            "table_id": "yellow_trips",
            "table_replication_info": [],
            "terraform_labels": {},
            "time_partitioning": [
              {
                "expiration_ms": 0,
                "field": "tpep_pickup_datetime",
                "require_partition_filter": false,
                "type": "MONTH"
              }
            ],
            "type": "TABLE",
            "view": []
          },
          "sensitive_attributes": [],
          "identity_schema_version": 0,
          "private": "bnVsbA==",
          "dependencies": [
            "module.bigquery.google_bigquery_dataset.raw"
          ]
        }
      ]
    }
  ],
  "check_results": null
}
